PODS:
  - EasyPeasy (1.7.0)
  - SwiGradientTransition (1.0.0):
    - EasyPeasy (~> 1.7.0)

DEPENDENCIES:
  - EasyPeasy
  - SwiGradientTransition (from `../`)

SPEC REPOS:
  https://github.com/cocoapods/specs.git:
    - EasyPeasy

EXTERNAL SOURCES:
  SwiGradientTransition:
    :path: "../"

SPEC CHECKSUMS:
  EasyPeasy: 2f2785ed78c6f9e9045221f2ff317730e7321bff
  SwiGradientTransition: 24fda4062548297b8e348c077e747d209a9f844b

PODFILE CHECKSUM: 2a61c9efd554736b1a361330183ea715e49fb654

COCOAPODS: 1.5.3
